// !$*UTF8*$!
{
	archiveVersion = 1;
	classes = {
	};
	objectVersion = 46;
	objects = {

/* Begin PBXBuildFile section */
		09A4BCAC1CA1E6CF00585C0C /* AppDelegate.swift in Sources */ = {isa = PBXBuildFile; fileRef = 09A4BCAB1CA1E6CF00585C0C /* AppDelegate.swift */; };
		09A4BCAE1CA1E6CF00585C0C /* Assets.xcassets in Resources */ = {isa = PBXBuildFile; fileRef = 09A4BCAD1CA1E6CF00585C0C /* Assets.xcassets */; };
		09A4BCB11CA1E6CF00585C0C /* MainMenu.xib in Resources */ = {isa = PBXBuildFile; fileRef = 09A4BCAF1CA1E6CF00585C0C /* MainMenu.xib */; };
		09A4BCB91CA1E9C500585C0C /* HFCalendar.swift in Sources */ = {isa = PBXBuildFile; fileRef = 09A4BCB81CA1E9C500585C0C /* HFCalendar.swift */; };
		09A4BCCD1CA87CD700585C0C /* MLCalendarBackground.m in Sources */ = {isa = PBXBuildFile; fileRef = 09A4BCC71CA87CD700585C0C /* MLCalendarBackground.m */; };
		09A4BCCE1CA87CD700585C0C /* MLCalendarCell.m in Sources */ = {isa = PBXBuildFile; fileRef = 09A4BCC91CA87CD700585C0C /* MLCalendarCell.m */; };
		09A4BCCF1CA87CD700585C0C /* MLCalendarView.m in Sources */ = {isa = PBXBuildFile; fileRef = 09A4BCCB1CA87CD700585C0C /* MLCalendarView.m */; };
		09A4BCD01CA87CD700585C0C /* MLCalendarView.xib in Resources */ = {isa = PBXBuildFile; fileRef = 09A4BCCC1CA87CD700585C0C /* MLCalendarView.xib */; };
		09E8F4CC1D80D73B0064594C /* NotificationCenter.framework in Frameworks */ = {isa = PBXBuildFile; fileRef = 09E8F4AB1D80C9AD0064594C /* NotificationCenter.framework */; };
		09E8F4D11D80D73B0064594C /* TodayViewController.swift in Sources */ = {isa = PBXBuildFile; fileRef = 09E8F4D01D80D73B0064594C /* TodayViewController.swift */; };
		09E8F4D41D80D73B0064594C /* TodayViewController.xib in Resources */ = {isa = PBXBuildFile; fileRef = 09E8F4D21D80D73B0064594C /* TodayViewController.xib */; };
		09E8F4D81D80D73B0064594C /* InfoPlist.strings in Resources */ = {isa = PBXBuildFile; fileRef = 09E8F4D61D80D73B0064594C /* InfoPlist.strings */; };
		09E8F4DB1D80D73B0064594C /* HFWeekToday.appex in Embed App Extensions */ = {isa = PBXBuildFile; fileRef = 09E8F4CB1D80D73B0064594C /* HFWeekToday.appex */; settings = {ATTRIBUTES = (RemoveHeadersOnCopy, ); }; };
		09E8F4DF1D80D75E0064594C /* HFCalendar.swift in Sources */ = {isa = PBXBuildFile; fileRef = 09A4BCB81CA1E9C500585C0C /* HFCalendar.swift */; };
		09E8F4E01D80D7630064594C /* MLCalendarBackground.m in Sources */ = {isa = PBXBuildFile; fileRef = 09A4BCC71CA87CD700585C0C /* MLCalendarBackground.m */; };
		09E8F4E11D80D7630064594C /* MLCalendarCell.m in Sources */ = {isa = PBXBuildFile; fileRef = 09A4BCC91CA87CD700585C0C /* MLCalendarCell.m */; };
		09E8F4E21D80D7630064594C /* MLCalendarView.m in Sources */ = {isa = PBXBuildFile; fileRef = 09A4BCCB1CA87CD700585C0C /* MLCalendarView.m */; };
		09E8F4E31D80D7630064594C /* MLCalendarView.xib in Resources */ = {isa = PBXBuildFile; fileRef = 09A4BCCC1CA87CD700585C0C /* MLCalendarView.xib */; };
		09E8F4E51D80E0720064594C /* CalendarDelegate.swift in Sources */ = {isa = PBXBuildFile; fileRef = 09E8F4E41D80E0720064594C /* CalendarDelegate.swift */; };
		09E8F4E61D80E13D0064594C /* CalendarDelegate.swift in Sources */ = {isa = PBXBuildFile; fileRef = 09E8F4E41D80E0720064594C /* CalendarDelegate.swift */; };
/* End PBXBuildFile section */

/* Begin PBXContainerItemProxy section */
		09E8F4D91D80D73B0064594C /* PBXContainerItemProxy */ = {
			isa = PBXContainerItemProxy;
			containerPortal = 09A4BCA01CA1E6CF00585C0C /* Project object */;
			proxyType = 1;
			remoteGlobalIDString = 09E8F4CA1D80D73B0064594C;
			remoteInfo = HFWeekToday;
		};
/* End PBXContainerItemProxy section */

/* Begin PBXCopyFilesBuildPhase section */
		09E8F4BF1D80C9AD0064594C /* Embed App Extensions */ = {
			isa = PBXCopyFilesBuildPhase;
			buildActionMask = 2147483647;
			dstPath = "";
			dstSubfolderSpec = 13;
			files = (
				09E8F4DB1D80D73B0064594C /* HFWeekToday.appex in Embed App Extensions */,
			);
			name = "Embed App Extensions";
			runOnlyForDeploymentPostprocessing = 0;
		};
/* End PBXCopyFilesBuildPhase section */

/* Begin PBXFileReference section */
		09A4BCA81CA1E6CF00585C0C /* HFWeekApp.app */ = {isa = PBXFileReference; explicitFileType = wrapper.application; includeInIndex = 0; path = HFWeekApp.app; sourceTree = BUILT_PRODUCTS_DIR; };
		09A4BCAB1CA1E6CF00585C0C /* AppDelegate.swift */ = {isa = PBXFileReference; lastKnownFileType = sourcecode.swift; path = AppDelegate.swift; sourceTree = "<group>"; };
		09A4BCAD1CA1E6CF00585C0C /* Assets.xcassets */ = {isa = PBXFileReference; lastKnownFileType = folder.assetcatalog; path = Assets.xcassets; sourceTree = "<group>"; };
		09A4BCB01CA1E6CF00585C0C /* Base */ = {isa = PBXFileReference; lastKnownFileType = file.xib; name = Base; path = Base.lproj/MainMenu.xib; sourceTree = "<group>"; };
		09A4BCB21CA1E6CF00585C0C /* Info.plist */ = {isa = PBXFileReference; lastKnownFileType = text.plist.xml; path = Info.plist; sourceTree = "<group>"; };
		09A4BCB81CA1E9C500585C0C /* HFCalendar.swift */ = {isa = PBXFileReference; fileEncoding = 4; lastKnownFileType = sourcecode.swift; path = HFCalendar.swift; sourceTree = "<group>"; };
		09A4BCC51CA87CD700585C0C /* HFWeekApp-Bridging-Header.h */ = {isa = PBXFileReference; lastKnownFileType = sourcecode.c.h; path = "HFWeekApp-Bridging-Header.h"; sourceTree = "<group>"; };
		09A4BCC61CA87CD700585C0C /* MLCalendarBackground.h */ = {isa = PBXFileReference; fileEncoding = 4; lastKnownFileType = sourcecode.c.h; name = MLCalendarBackground.h; path = Calendar/MLCalendarSample/MLCalendarBackground.h; sourceTree = "<group>"; };
		09A4BCC71CA87CD700585C0C /* MLCalendarBackground.m */ = {isa = PBXFileReference; fileEncoding = 4; lastKnownFileType = sourcecode.c.objc; name = MLCalendarBackground.m; path = Calendar/MLCalendarSample/MLCalendarBackground.m; sourceTree = "<group>"; };
		09A4BCC81CA87CD700585C0C /* MLCalendarCell.h */ = {isa = PBXFileReference; fileEncoding = 4; lastKnownFileType = sourcecode.c.h; name = MLCalendarCell.h; path = Calendar/MLCalendarSample/MLCalendarCell.h; sourceTree = "<group>"; };
		09A4BCC91CA87CD700585C0C /* MLCalendarCell.m */ = {isa = PBXFileReference; fileEncoding = 4; lastKnownFileType = sourcecode.c.objc; name = MLCalendarCell.m; path = Calendar/MLCalendarSample/MLCalendarCell.m; sourceTree = "<group>"; };
		09A4BCCA1CA87CD700585C0C /* MLCalendarView.h */ = {isa = PBXFileReference; fileEncoding = 4; lastKnownFileType = sourcecode.c.h; name = MLCalendarView.h; path = Calendar/MLCalendarSample/MLCalendarView.h; sourceTree = "<group>"; };
		09A4BCCB1CA87CD700585C0C /* MLCalendarView.m */ = {isa = PBXFileReference; fileEncoding = 4; lastKnownFileType = sourcecode.c.objc; name = MLCalendarView.m; path = Calendar/MLCalendarSample/MLCalendarView.m; sourceTree = "<group>"; };
		09A4BCCC1CA87CD700585C0C /* MLCalendarView.xib */ = {isa = PBXFileReference; fileEncoding = 4; lastKnownFileType = file.xib; name = MLCalendarView.xib; path = Calendar/MLCalendarSample/MLCalendarView.xib; sourceTree = "<group>"; };
		09E8F4AB1D80C9AD0064594C /* NotificationCenter.framework */ = {isa = PBXFileReference; lastKnownFileType = wrapper.framework; name = NotificationCenter.framework; path = System/Library/Frameworks/NotificationCenter.framework; sourceTree = SDKROOT; };
		09E8F4CB1D80D73B0064594C /* HFWeekToday.appex */ = {isa = PBXFileReference; explicitFileType = "wrapper.app-extension"; includeInIndex = 0; path = HFWeekToday.appex; sourceTree = BUILT_PRODUCTS_DIR; };
		09E8F4CF1D80D73B0064594C /* HFWeekToday.entitlements */ = {isa = PBXFileReference; lastKnownFileType = text.xml; path = HFWeekToday.entitlements; sourceTree = "<group>"; };
		09E8F4D01D80D73B0064594C /* TodayViewController.swift */ = {isa = PBXFileReference; lastKnownFileType = sourcecode.swift; path = TodayViewController.swift; sourceTree = "<group>"; };
		09E8F4D31D80D73B0064594C /* Base */ = {isa = PBXFileReference; lastKnownFileType = file.xib; name = Base; path = Base.lproj/TodayViewController.xib; sourceTree = "<group>"; };
		09E8F4D51D80D73B0064594C /* Info.plist */ = {isa = PBXFileReference; lastKnownFileType = text.plist.xml; path = Info.plist; sourceTree = "<group>"; };
		09E8F4D71D80D73B0064594C /* en */ = {isa = PBXFileReference; lastKnownFileType = text.plist.strings; name = en; path = en.lproj/InfoPlist.strings; sourceTree = "<group>"; };
		09E8F4E41D80E0720064594C /* CalendarDelegate.swift */ = {isa = PBXFileReference; fileEncoding = 4; lastKnownFileType = sourcecode.swift; path = CalendarDelegate.swift; sourceTree = "<group>"; };
/* End PBXFileReference section */

/* Begin PBXFrameworksBuildPhase section */
		09A4BCA51CA1E6CF00585C0C /* Frameworks */ = {
			isa = PBXFrameworksBuildPhase;
			buildActionMask = 2147483647;
			files = (
			);
			runOnlyForDeploymentPostprocessing = 0;
		};
		09E8F4C81D80D73B0064594C /* Frameworks */ = {
			isa = PBXFrameworksBuildPhase;
			buildActionMask = 2147483647;
			files = (
				09E8F4CC1D80D73B0064594C /* NotificationCenter.framework in Frameworks */,
			);
			runOnlyForDeploymentPostprocessing = 0;
		};
/* End PBXFrameworksBuildPhase section */

/* Begin PBXGroup section */
		09A4BC9F1CA1E6CF00585C0C = {
			isa = PBXGroup;
			children = (
				09A4BCAA1CA1E6CF00585C0C /* HFWeekApp */,
				09E8F4CD1D80D73B0064594C /* HFWeekToday */,
				09E8F4AA1D80C9AD0064594C /* Frameworks */,
				09A4BCA91CA1E6CF00585C0C /* Products */,
			);
			sourceTree = "<group>";
		};
		09A4BCA91CA1E6CF00585C0C /* Products */ = {
			isa = PBXGroup;
			children = (
				09A4BCA81CA1E6CF00585C0C /* HFWeekApp.app */,
				09E8F4CB1D80D73B0064594C /* HFWeekToday.appex */,
			);
			name = Products;
			sourceTree = "<group>";
		};
		09A4BCAA1CA1E6CF00585C0C /* HFWeekApp */ = {
			isa = PBXGroup;
			children = (
				09A4BCC41CA87CCA00585C0C /* MLCalendar */,
				09A4BCAB1CA1E6CF00585C0C /* AppDelegate.swift */,
				09A4BCB81CA1E9C500585C0C /* HFCalendar.swift */,
				09E8F4E41D80E0720064594C /* CalendarDelegate.swift */,
				09A4BCAD1CA1E6CF00585C0C /* Assets.xcassets */,
				09A4BCAF1CA1E6CF00585C0C /* MainMenu.xib */,
				09A4BCB21CA1E6CF00585C0C /* Info.plist */,
				09A4BCC51CA87CD700585C0C /* HFWeekApp-Bridging-Header.h */,
			);
			path = HFWeekApp;
			sourceTree = "<group>";
		};
		09A4BCC41CA87CCA00585C0C /* MLCalendar */ = {
			isa = PBXGroup;
			children = (
				09A4BCC61CA87CD700585C0C /* MLCalendarBackground.h */,
				09A4BCC71CA87CD700585C0C /* MLCalendarBackground.m */,
				09A4BCC81CA87CD700585C0C /* MLCalendarCell.h */,
				09A4BCC91CA87CD700585C0C /* MLCalendarCell.m */,
				09A4BCCA1CA87CD700585C0C /* MLCalendarView.h */,
				09A4BCCB1CA87CD700585C0C /* MLCalendarView.m */,
				09A4BCCC1CA87CD700585C0C /* MLCalendarView.xib */,
			);
			name = MLCalendar;
			sourceTree = "<group>";
		};
		09E8F4AA1D80C9AD0064594C /* Frameworks */ = {
			isa = PBXGroup;
			children = (
				09E8F4AB1D80C9AD0064594C /* NotificationCenter.framework */,
			);
			name = Frameworks;
			sourceTree = "<group>";
		};
		09E8F4CD1D80D73B0064594C /* HFWeekToday */ = {
			isa = PBXGroup;
			children = (
				09E8F4D01D80D73B0064594C /* TodayViewController.swift */,
				09E8F4D21D80D73B0064594C /* TodayViewController.xib */,
				09E8F4D51D80D73B0064594C /* Info.plist */,
				09E8F4D61D80D73B0064594C /* InfoPlist.strings */,
				09E8F4CE1D80D73B0064594C /* Supporting Files */,
			);
			path = HFWeekToday;
			sourceTree = "<group>";
		};
		09E8F4CE1D80D73B0064594C /* Supporting Files */ = {
			isa = PBXGroup;
			children = (
				09E8F4CF1D80D73B0064594C /* HFWeekToday.entitlements */,
			);
			name = "Supporting Files";
			sourceTree = "<group>";
		};
/* End PBXGroup section */

/* Begin PBXNativeTarget section */
		09A4BCA71CA1E6CF00585C0C /* HFWeekApp */ = {
			isa = PBXNativeTarget;
			buildConfigurationList = 09A4BCB51CA1E6CF00585C0C /* Build configuration list for PBXNativeTarget "HFWeekApp" */;
			buildPhases = (
				09A4BCA41CA1E6CF00585C0C /* Sources */,
				09A4BCA51CA1E6CF00585C0C /* Frameworks */,
				09A4BCA61CA1E6CF00585C0C /* Resources */,
				09E8F4BF1D80C9AD0064594C /* Embed App Extensions */,
			);
			buildRules = (
			);
			dependencies = (
				09E8F4DA1D80D73B0064594C /* PBXTargetDependency */,
			);
			name = HFWeekApp;
			productName = HFWeekApp;
			productReference = 09A4BCA81CA1E6CF00585C0C /* HFWeekApp.app */;
			productType = "com.apple.product-type.application";
		};
		09E8F4CA1D80D73B0064594C /* HFWeekToday */ = {
			isa = PBXNativeTarget;
			buildConfigurationList = 09E8F4DC1D80D73B0064594C /* Build configuration list for PBXNativeTarget "HFWeekToday" */;
			buildPhases = (
				09E8F4C71D80D73B0064594C /* Sources */,
				09E8F4C81D80D73B0064594C /* Frameworks */,
				09E8F4C91D80D73B0064594C /* Resources */,
			);
			buildRules = (
			);
			dependencies = (
			);
			name = HFWeekToday;
			productName = HFWeekToday;
			productReference = 09E8F4CB1D80D73B0064594C /* HFWeekToday.appex */;
			productType = "com.apple.product-type.app-extension";
		};
/* End PBXNativeTarget section */

/* Begin PBXProject section */
		09A4BCA01CA1E6CF00585C0C /* Project object */ = {
			isa = PBXProject;
			attributes = {
				LastSwiftUpdateCheck = 0730;
				LastUpgradeCheck = 0730;
				ORGANIZATIONNAME = "Ilay Puchka";
				TargetAttributes = {
					09A4BCA71CA1E6CF00585C0C = {
						CreatedOnToolsVersion = 7.3;
						DevelopmentTeam = 2A7X7KDSR2;
					};
					09E8F4CA1D80D73B0064594C = {
						CreatedOnToolsVersion = 7.3.1;
						DevelopmentTeam = 2A7X7KDSR2;
					};
				};
			};
			buildConfigurationList = 09A4BCA31CA1E6CF00585C0C /* Build configuration list for PBXProject "HFWeekApp" */;
			compatibilityVersion = "Xcode 3.2";
			developmentRegion = English;
			hasScannedForEncodings = 0;
			knownRegions = (
				en,
				Base,
			);
			mainGroup = 09A4BC9F1CA1E6CF00585C0C;
			productRefGroup = 09A4BCA91CA1E6CF00585C0C /* Products */;
			projectDirPath = "";
			projectRoot = "";
			targets = (
				09A4BCA71CA1E6CF00585C0C /* HFWeekApp */,
				09E8F4CA1D80D73B0064594C /* HFWeekToday */,
			);
		};
/* End PBXProject section */

/* Begin PBXResourcesBuildPhase section */
		09A4BCA61CA1E6CF00585C0C /* Resources */ = {
			isa = PBXResourcesBuildPhase;
			buildActionMask = 2147483647;
			files = (
				09A4BCD01CA87CD700585C0C /* MLCalendarView.xib in Resources */,
				09A4BCAE1CA1E6CF00585C0C /* Assets.xcassets in Resources */,
				09A4BCB11CA1E6CF00585C0C /* MainMenu.xib in Resources */,
			);
			runOnlyForDeploymentPostprocessing = 0;
		};
		09E8F4C91D80D73B0064594C /* Resources */ = {
			isa = PBXResourcesBuildPhase;
			buildActionMask = 2147483647;
			files = (
				09E8F4E31D80D7630064594C /* MLCalendarView.xib in Resources */,
				09E8F4D41D80D73B0064594C /* TodayViewController.xib in Resources */,
				09E8F4D81D80D73B0064594C /* InfoPlist.strings in Resources */,
			);
			runOnlyForDeploymentPostprocessing = 0;
		};
/* End PBXResourcesBuildPhase section */

/* Begin PBXSourcesBuildPhase section */
		09A4BCA41CA1E6CF00585C0C /* Sources */ = {
			isa = PBXSourcesBuildPhase;
			buildActionMask = 2147483647;
			files = (
				09A4BCCD1CA87CD700585C0C /* MLCalendarBackground.m in Sources */,
				09A4BCCF1CA87CD700585C0C /* MLCalendarView.m in Sources */,
				09E8F4E51D80E0720064594C /* CalendarDelegate.swift in Sources */,
				09A4BCAC1CA1E6CF00585C0C /* AppDelegate.swift in Sources */,
				09A4BCCE1CA87CD700585C0C /* MLCalendarCell.m in Sources */,
				09A4BCB91CA1E9C500585C0C /* HFCalendar.swift in Sources */,
			);
			runOnlyForDeploymentPostprocessing = 0;
		};
		09E8F4C71D80D73B0064594C /* Sources */ = {
			isa = PBXSourcesBuildPhase;
			buildActionMask = 2147483647;
			files = (
				09E8F4E01D80D7630064594C /* MLCalendarBackground.m in Sources */,
				09E8F4E21D80D7630064594C /* MLCalendarView.m in Sources */,
				09E8F4E61D80E13D0064594C /* CalendarDelegate.swift in Sources */,
				09E8F4D11D80D73B0064594C /* TodayViewController.swift in Sources */,
				09E8F4E11D80D7630064594C /* MLCalendarCell.m in Sources */,
				09E8F4DF1D80D75E0064594C /* HFCalendar.swift in Sources */,
			);
			runOnlyForDeploymentPostprocessing = 0;
		};
/* End PBXSourcesBuildPhase section */

/* Begin PBXTargetDependency section */
		09E8F4DA1D80D73B0064594C /* PBXTargetDependency */ = {
			isa = PBXTargetDependency;
			target = 09E8F4CA1D80D73B0064594C /* HFWeekToday */;
			targetProxy = 09E8F4D91D80D73B0064594C /* PBXContainerItemProxy */;
		};
/* End PBXTargetDependency section */

/* Begin PBXVariantGroup section */
		09A4BCAF1CA1E6CF00585C0C /* MainMenu.xib */ = {
			isa = PBXVariantGroup;
			children = (
				09A4BCB01CA1E6CF00585C0C /* Base */,
			);
			name = MainMenu.xib;
			sourceTree = "<group>";
		};
		09E8F4D21D80D73B0064594C /* TodayViewController.xib */ = {
			isa = PBXVariantGroup;
			children = (
				09E8F4D31D80D73B0064594C /* Base */,
			);
			name = TodayViewController.xib;
			sourceTree = "<group>";
		};
		09E8F4D61D80D73B0064594C /* InfoPlist.strings */ = {
			isa = PBXVariantGroup;
			children = (
				09E8F4D71D80D73B0064594C /* en */,
			);
			name = InfoPlist.strings;
			sourceTree = "<group>";
		};
/* End PBXVariantGroup section */

/* Begin XCBuildConfiguration section */
		09A4BCB31CA1E6CF00585C0C /* Debug */ = {
			isa = XCBuildConfiguration;
			buildSettings = {
				ALWAYS_SEARCH_USER_PATHS = NO;
				CLANG_ANALYZER_NONNULL = YES;
				CLANG_CXX_LANGUAGE_STANDARD = "gnu++0x";
				CLANG_CXX_LIBRARY = "libc++";
				CLANG_ENABLE_MODULES = YES;
				CLANG_ENABLE_OBJC_ARC = YES;
				CLANG_WARN_BOOL_CONVERSION = YES;
				CLANG_WARN_CONSTANT_CONVERSION = YES;
				CLANG_WARN_DIRECT_OBJC_ISA_USAGE = YES_ERROR;
				CLANG_WARN_EMPTY_BODY = YES;
				CLANG_WARN_ENUM_CONVERSION = YES;
				CLANG_WARN_INT_CONVERSION = YES;
				CLANG_WARN_OBJC_ROOT_CLASS = YES_ERROR;
				CLANG_WARN_UNREACHABLE_CODE = YES;
				CLANG_WARN__DUPLICATE_METHOD_MATCH = YES;
				CODE_SIGN_IDENTITY = "Developer ID Application: Hellofresh GmbH (2A7X7KDSR2)";
				COPY_PHASE_STRIP = NO;
				DEBUG_INFORMATION_FORMAT = dwarf;
				ENABLE_STRICT_OBJC_MSGSEND = YES;
				ENABLE_TESTABILITY = YES;
				GCC_C_LANGUAGE_STANDARD = gnu99;
				GCC_DYNAMIC_NO_PIC = NO;
				GCC_NO_COMMON_BLOCKS = YES;
				GCC_OPTIMIZATION_LEVEL = 0;
				GCC_PREPROCESSOR_DEFINITIONS = (
					"DEBUG=1",
					"$(inherited)",
				);
				GCC_WARN_64_TO_32_BIT_CONVERSION = YES;
				GCC_WARN_ABOUT_RETURN_TYPE = YES_ERROR;
				GCC_WARN_UNDECLARED_SELECTOR = YES;
				GCC_WARN_UNINITIALIZED_AUTOS = YES_AGGRESSIVE;
				GCC_WARN_UNUSED_FUNCTION = YES;
				GCC_WARN_UNUSED_VARIABLE = YES;
				MACOSX_DEPLOYMENT_TARGET = 10.11;
				MTL_ENABLE_DEBUG_INFO = YES;
				ONLY_ACTIVE_ARCH = YES;
				SDKROOT = macosx;
				SWIFT_OPTIMIZATION_LEVEL = "-Onone";
			};
			name = Debug;
		};
		09A4BCB41CA1E6CF00585C0C /* Release */ = {
			isa = XCBuildConfiguration;
			buildSettings = {
				ALWAYS_SEARCH_USER_PATHS = NO;
				CLANG_ANALYZER_NONNULL = YES;
				CLANG_CXX_LANGUAGE_STANDARD = "gnu++0x";
				CLANG_CXX_LIBRARY = "libc++";
				CLANG_ENABLE_MODULES = YES;
				CLANG_ENABLE_OBJC_ARC = YES;
				CLANG_WARN_BOOL_CONVERSION = YES;
				CLANG_WARN_CONSTANT_CONVERSION = YES;
				CLANG_WARN_DIRECT_OBJC_ISA_USAGE = YES_ERROR;
				CLANG_WARN_EMPTY_BODY = YES;
				CLANG_WARN_ENUM_CONVERSION = YES;
				CLANG_WARN_INT_CONVERSION = YES;
				CLANG_WARN_OBJC_ROOT_CLASS = YES_ERROR;
				CLANG_WARN_UNREACHABLE_CODE = YES;
				CLANG_WARN__DUPLICATE_METHOD_MATCH = YES;
				CODE_SIGN_IDENTITY = "Developer ID Application: Hellofresh GmbH (2A7X7KDSR2)";
				COPY_PHASE_STRIP = NO;
				DEBUG_INFORMATION_FORMAT = "dwarf-with-dsym";
				ENABLE_NS_ASSERTIONS = NO;
				ENABLE_STRICT_OBJC_MSGSEND = YES;
				GCC_C_LANGUAGE_STANDARD = gnu99;
				GCC_NO_COMMON_BLOCKS = YES;
				GCC_WARN_64_TO_32_BIT_CONVERSION = YES;
				GCC_WARN_ABOUT_RETURN_TYPE = YES_ERROR;
				GCC_WARN_UNDECLARED_SELECTOR = YES;
				GCC_WARN_UNINITIALIZED_AUTOS = YES_AGGRESSIVE;
				GCC_WARN_UNUSED_FUNCTION = YES;
				GCC_WARN_UNUSED_VARIABLE = YES;
				MACOSX_DEPLOYMENT_TARGET = 10.11;
				MTL_ENABLE_DEBUG_INFO = NO;
				SDKROOT = macosx;
			};
			name = Release;
		};
		09A4BCB61CA1E6CF00585C0C /* Debug */ = {
			isa = XCBuildConfiguration;
			buildSettings = {
				ASSETCATALOG_COMPILER_APPICON_NAME = AppIcon;
				CLANG_ENABLE_MODULES = YES;
				CODE_SIGN_IDENTITY = "Developer ID Application";
				COMBINE_HIDPI_IMAGES = YES;
				EMBEDDED_CONTENT_CONTAINS_SWIFT = YES;
				INFOPLIST_FILE = HFWeekApp/Info.plist;
				LD_RUNPATH_SEARCH_PATHS = "$(inherited) @executable_path/../Frameworks";
				PRODUCT_BUNDLE_IDENTIFIER = com.hellofresh.HFWeekApp;
				PRODUCT_NAME = "$(TARGET_NAME)";
				SWIFT_OBJC_BRIDGING_HEADER = "HFWeekApp/HFWeekApp-Bridging-Header.h";
				SWIFT_OPTIMIZATION_LEVEL = "-Onone";
			};
			name = Debug;
		};
		09A4BCB71CA1E6CF00585C0C /* Release */ = {
			isa = XCBuildConfiguration;
			buildSettings = {
				ASSETCATALOG_COMPILER_APPICON_NAME = AppIcon;
				CLANG_ENABLE_MODULES = YES;
				CODE_SIGN_IDENTITY = "Developer ID Application";
				COMBINE_HIDPI_IMAGES = YES;
				EMBEDDED_CONTENT_CONTAINS_SWIFT = YES;
				INFOPLIST_FILE = HFWeekApp/Info.plist;
				LD_RUNPATH_SEARCH_PATHS = "$(inherited) @executable_path/../Frameworks";
				PRODUCT_BUNDLE_IDENTIFIER = com.hellofresh.HFWeekApp;
				PRODUCT_NAME = "$(TARGET_NAME)";
				SWIFT_OBJC_BRIDGING_HEADER = "HFWeekApp/HFWeekApp-Bridging-Header.h";
			};
			name = Release;
		};
		09E8F4DD1D80D73B0064594C /* Debug */ = {
			isa = XCBuildConfiguration;
			buildSettings = {
				CODE_SIGN_ENTITLEMENTS = HFWeekToday/HFWeekToday.entitlements;
				CODE_SIGN_IDENTITY = "Developer ID Application";
				COMBINE_HIDPI_IMAGES = YES;
				INFOPLIST_FILE = HFWeekToday/Info.plist;
				LD_RUNPATH_SEARCH_PATHS = "$(inherited) @executable_path/../Frameworks @executable_path/../../../../Frameworks";
				PRODUCT_BUNDLE_IDENTIFIER = com.hellofresh.HFWeekApp.HFWeekToday;
				PRODUCT_NAME = "$(TARGET_NAME)";
				SKIP_INSTALL = YES;
				SWIFT_OBJC_BRIDGING_HEADER = "HFWeekApp/HFWeekApp-Bridging-Header.h";
			};
			name = Debug;
		};
		09E8F4DE1D80D73B0064594C /* Release */ = {
			isa = XCBuildConfiguration;
			buildSettings = {
				CODE_SIGN_ENTITLEMENTS = HFWeekToday/HFWeekToday.entitlements;
				CODE_SIGN_IDENTITY = "Developer ID Application";
				COMBINE_HIDPI_IMAGES = YES;
				INFOPLIST_FILE = HFWeekToday/Info.plist;
				LD_RUNPATH_SEARCH_PATHS = "$(inherited) @executable_path/../Frameworks @executable_path/../../../../Frameworks";
				PRODUCT_BUNDLE_IDENTIFIER = com.hellofresh.HFWeekApp.HFWeekToday;
				PRODUCT_NAME = "$(TARGET_NAME)";
				SKIP_INSTALL = YES;
				SWIFT_OBJC_BRIDGING_HEADER = "HFWeekApp/HFWeekApp-Bridging-Header.h";
			};
			name = Release;
		};
/* End XCBuildConfiguration section */

/* Begin XCConfigurationList section */
		09A4BCA31CA1E6CF00585C0C /* Build configuration list for PBXProject "HFWeekApp" */ = {
			isa = XCConfigurationList;
			buildConfigurations = (
				09A4BCB31CA1E6CF00585C0C /* Debug */,
				09A4BCB41CA1E6CF00585C0C /* Release */,
			);
			defaultConfigurationIsVisible = 0;
			defaultConfigurationName = Release;
		};
		09A4BCB51CA1E6CF00585C0C /* Build configuration list for PBXNativeTarget "HFWeekApp" */ = {
			isa = XCConfigurationList;
			buildConfigurations = (
				09A4BCB61CA1E6CF00585C0C /* Debug */,
				09A4BCB71CA1E6CF00585C0C /* Release */,
			);
			defaultConfigurationIsVisible = 0;
			defaultConfigurationName = Release;
		};
		09E8F4DC1D80D73B0064594C /* Build configuration list for PBXNativeTarget "HFWeekToday" */ = {
			isa = XCConfigurationList;
			buildConfigurations = (
				09E8F4DD1D80D73B0064594C /* Debug */,
				09E8F4DE1D80D73B0064594C /* Release */,
			);
			defaultConfigurationIsVisible = 0;
			defaultConfigurationName = Release;
		};
/* End XCConfigurationList section */
	};
	rootObject = 09A4BCA01CA1E6CF00585C0C /* Project object */;
}
